
Microsoft Visual Studio Solution File, Format Version 12.00
Project("{FAE04EC0-301F-11D3-BF4B-00C04F79EFBC}") = "FastEndpointApi", "src\FastEndpointApi\FastEndpointApi.csproj", "{82DD988E-4DA0-4D2F-9C60-055CDAEEB160}"
EndProject
Project("{2150E333-8FDC-42A3-9474-1A3956D46DE8}") = "02.Features", "02.Features", "{3AE9E10B-1771-4FA0-A1CF-013D2DF4A28A}"
EndProject
Project("{FAE04EC0-301F-11D3-BF4B-00C04F79EFBC}") = "Feature.Weather", "src\Features\Feature.Weather\Feature.Weather.csproj", "{CE1112D0-DF04-4EA1-97B0-B97F6CC020F3}"
EndProject
Project("{FAE04EC0-301F-11D3-BF4B-00C04F79EFBC}") = "Feature.Account", "src\Features\Feature.Account\Feature.Account.csproj", "{E8640BD0-A0E4-441D-B486-68850B246EB3}"
EndProject
Project("{FAE04EC0-301F-11D3-BF4B-00C04F79EFBC}") = "Infrastructure", "src\Infrastructure\Infrastructure.csproj", "{545D2F60-3A8A-4EF0-B84B-06B6B6F7B1CF}"
EndProject
Project("{2150E333-8FDC-42A3-9474-1A3956D46DE8}") = "01.Infrastructure", "01.Infrastructure", "{20F9A0F3-46A0-4E4D-A182-C77C973011DD}"
EndProject
Project("{2150E333-8FDC-42A3-9474-1A3956D46DE8}") = "00.Package", "00.Package", "{E92C932E-5E97-4A3B-9089-C29EAEFE984B}"
	ProjectSection(SolutionItems) = preProject
		Directory.Packages.props = Directory.Packages.props
	EndProjectSection
EndProject
Project("{FAE04EC0-301F-11D3-BF4B-00C04F79EFBC}") = "Feature.Domain", "src\Feature.Domain\Feature.Domain.csproj", "{67CB2B45-9D07-44B6-A168-332CE10C65A4}"
EndProject
Project("{2150E333-8FDC-42A3-9474-1A3956D46DE8}") = "03.Web", "03.Web", "{FF251EE0-A239-4FD2-8F31-577E689F5A1D}"
EndProject
Project("{FAE04EC0-301F-11D3-BF4B-00C04F79EFBC}") = "FastEndpointWeb", "src\FastEndpointWeb\FastEndpointWeb\FastEndpointWeb.csproj", "{75D38F93-2B03-4E88-92E6-9D79BA96054A}"
EndProject
Project("{FAE04EC0-301F-11D3-BF4B-00C04F79EFBC}") = "FastEndpointWeb.Client", "src\FastEndpointWeb\FastEndpointWeb.Client\FastEndpointWeb.Client.csproj", "{746B1F2D-16E9-49E0-A55A-BB76E9E7DA16}"
EndProject
Project("{FAE04EC0-301F-11D3-BF4B-00C04F79EFBC}") = "Feature.Pdf", "src\Feature.Pdf\Feature.Pdf.csproj", "{C5336BC4-19AD-4976-BB21-13E157FB4391}"
EndProject
Global
	GlobalSection(SolutionConfigurationPlatforms) = preSolution
		Debug|Any CPU = Debug|Any CPU
		Release|Any CPU = Release|Any CPU
	EndGlobalSection
	GlobalSection(ProjectConfigurationPlatforms) = postSolution
		{82DD988E-4DA0-4D2F-9C60-055CDAEEB160}.Debug|Any CPU.ActiveCfg = Debug|Any CPU
		{82DD988E-4DA0-4D2F-9C60-055CDAEEB160}.Debug|Any CPU.Build.0 = Debug|Any CPU
		{82DD988E-4DA0-4D2F-9C60-055CDAEEB160}.Release|Any CPU.ActiveCfg = Release|Any CPU
		{82DD988E-4DA0-4D2F-9C60-055CDAEEB160}.Release|Any CPU.Build.0 = Release|Any CPU
		{CE1112D0-DF04-4EA1-97B0-B97F6CC020F3}.Debug|Any CPU.ActiveCfg = Debug|Any CPU
		{CE1112D0-DF04-4EA1-97B0-B97F6CC020F3}.Debug|Any CPU.Build.0 = Debug|Any CPU
		{CE1112D0-DF04-4EA1-97B0-B97F6CC020F3}.Release|Any CPU.ActiveCfg = Release|Any CPU
		{CE1112D0-DF04-4EA1-97B0-B97F6CC020F3}.Release|Any CPU.Build.0 = Release|Any CPU
		{E8640BD0-A0E4-441D-B486-68850B246EB3}.Debug|Any CPU.ActiveCfg = Debug|Any CPU
		{E8640BD0-A0E4-441D-B486-68850B246EB3}.Debug|Any CPU.Build.0 = Debug|Any CPU
		{E8640BD0-A0E4-441D-B486-68850B246EB3}.Release|Any CPU.ActiveCfg = Release|Any CPU
		{E8640BD0-A0E4-441D-B486-68850B246EB3}.Release|Any CPU.Build.0 = Release|Any CPU
		{545D2F60-3A8A-4EF0-B84B-06B6B6F7B1CF}.Debug|Any CPU.ActiveCfg = Debug|Any CPU
		{545D2F60-3A8A-4EF0-B84B-06B6B6F7B1CF}.Debug|Any CPU.Build.0 = Debug|Any CPU
		{545D2F60-3A8A-4EF0-B84B-06B6B6F7B1CF}.Release|Any CPU.ActiveCfg = Release|Any CPU
		{545D2F60-3A8A-4EF0-B84B-06B6B6F7B1CF}.Release|Any CPU.Build.0 = Release|Any CPU
		{67CB2B45-9D07-44B6-A168-332CE10C65A4}.Debug|Any CPU.ActiveCfg = Debug|Any CPU
		{67CB2B45-9D07-44B6-A168-332CE10C65A4}.Debug|Any CPU.Build.0 = Debug|Any CPU
		{67CB2B45-9D07-44B6-A168-332CE10C65A4}.Release|Any CPU.ActiveCfg = Release|Any CPU
		{67CB2B45-9D07-44B6-A168-332CE10C65A4}.Release|Any CPU.Build.0 = Release|Any CPU
		{75D38F93-2B03-4E88-92E6-9D79BA96054A}.Debug|Any CPU.ActiveCfg = Debug|Any CPU
		{75D38F93-2B03-4E88-92E6-9D79BA96054A}.Debug|Any CPU.Build.0 = Debug|Any CPU
		{75D38F93-2B03-4E88-92E6-9D79BA96054A}.Release|Any CPU.ActiveCfg = Release|Any CPU
		{75D38F93-2B03-4E88-92E6-9D79BA96054A}.Release|Any CPU.Build.0 = Release|Any CPU
		{746B1F2D-16E9-49E0-A55A-BB76E9E7DA16}.Debug|Any CPU.ActiveCfg = Debug|Any CPU
		{746B1F2D-16E9-49E0-A55A-BB76E9E7DA16}.Debug|Any CPU.Build.0 = Debug|Any CPU
		{746B1F2D-16E9-49E0-A55A-BB76E9E7DA16}.Release|Any CPU.ActiveCfg = Release|Any CPU
		{746B1F2D-16E9-49E0-A55A-BB76E9E7DA16}.Release|Any CPU.Build.0 = Release|Any CPU
		{C5336BC4-19AD-4976-BB21-13E157FB4391}.Debug|Any CPU.ActiveCfg = Debug|Any CPU
		{C5336BC4-19AD-4976-BB21-13E157FB4391}.Debug|Any CPU.Build.0 = Debug|Any CPU
		{C5336BC4-19AD-4976-BB21-13E157FB4391}.Release|Any CPU.ActiveCfg = Release|Any CPU
		{C5336BC4-19AD-4976-BB21-13E157FB4391}.Release|Any CPU.Build.0 = Release|Any CPU
	EndGlobalSection
	GlobalSection(NestedProjects) = preSolution
		{CE1112D0-DF04-4EA1-97B0-B97F6CC020F3} = {3AE9E10B-1771-4FA0-A1CF-013D2DF4A28A}
		{E8640BD0-A0E4-441D-B486-68850B246EB3} = {3AE9E10B-1771-4FA0-A1CF-013D2DF4A28A}
		{545D2F60-3A8A-4EF0-B84B-06B6B6F7B1CF} = {20F9A0F3-46A0-4E4D-A182-C77C973011DD}
		{67CB2B45-9D07-44B6-A168-332CE10C65A4} = {3AE9E10B-1771-4FA0-A1CF-013D2DF4A28A}
		{82DD988E-4DA0-4D2F-9C60-055CDAEEB160} = {FF251EE0-A239-4FD2-8F31-577E689F5A1D}
		{75D38F93-2B03-4E88-92E6-9D79BA96054A} = {FF251EE0-A239-4FD2-8F31-577E689F5A1D}
		{746B1F2D-16E9-49E0-A55A-BB76E9E7DA16} = {FF251EE0-A239-4FD2-8F31-577E689F5A1D}
		{C5336BC4-19AD-4976-BB21-13E157FB4391} = {3AE9E10B-1771-4FA0-A1CF-013D2DF4A28A}
	EndGlobalSection
EndGlobal
