
Microsoft Visual Studio Solution File, Format Version 12.00
Project("{2150E333-8FDC-42A3-9474-1A3956D46DE8}") = "02.Features", "02.Features", "{3AE9E10B-1771-4FA0-A1CF-013D2DF4A28A}"
EndProject
Project("{FAE04EC0-301F-11D3-BF4B-00C04F79EFBC}") = "Feature.Weather", "src\Features\Feature.Weather\Feature.Weather.csproj", "{CE1112D0-DF04-4EA1-97B0-B97F6CC020F3}"
EndProject
Project("{FAE04EC0-301F-11D3-BF4B-00C04F79EFBC}") = "Feature.Account", "src\Features\Feature.Account\Feature.Account.csproj", "{E8640BD0-A0E4-441D-B486-68850B246EB3}"
EndProject
Project("{FAE04EC0-301F-11D3-BF4B-00C04F79EFBC}") = "Infrastructure", "src\Infrastructure\Infrastructure.csproj", "{545D2F60-3A8A-4EF0-B84B-06B6B6F7B1CF}"
EndProject
Project("{2150E333-8FDC-42A3-9474-1A3956D46DE8}") = "01.Infrastructure", "01.Infrastructure", "{20F9A0F3-46A0-4E4D-A182-C77C973011DD}"
EndProject
Project("{2150E333-8FDC-42A3-9474-1A3956D46DE8}") = "00.Package", "00.Package", "{E92C932E-5E97-4A3B-9089-C29EAEFE984B}"
	ProjectSection(SolutionItems) = preProject
		Directory.Packages.props = Directory.Packages.props
	EndProjectSection
EndProject
Project("{FAE04EC0-301F-11D3-BF4B-00C04F79EFBC}") = "Feature.Domain", "src\Features\Feature.Domain\Feature.Domain.csproj", "{67CB2B45-9D07-44B6-A168-332CE10C65A4}"
EndProject
Project("{2150E333-8FDC-42A3-9474-1A3956D46DE8}") = "03.Web", "03.Web", "{FF251EE0-A239-4FD2-8F31-577E689F5A1D}"
EndProject
Project("{FAE04EC0-301F-11D3-BF4B-00C04F79EFBC}") = "Feature.Pdf", "src\Features\Feature.Pdf\Feature.Pdf.csproj", "{C5336BC4-19AD-4976-BB21-13E157FB4391}"
EndProject
Project("{FAE04EC0-301F-11D3-BF4B-00C04F79EFBC}") = "Feature.Product", "src\Features\Feature.Product\Feature.Product.csproj", "{3BBBF7F6-61EF-4669-8D99-5F016FEB32F5}"
EndProject
Project("{FAE04EC0-301F-11D3-BF4B-00C04F79EFBC}") = "Feature.Infra", "src\Features\Feature.Infra\Feature.Infra.csproj", "{5EA4F1A9-77F1-47A2-8362-E1A16BA67CD1}"
EndProject
Project("{FAE04EC0-301F-11D3-BF4B-00C04F79EFBC}") = "Feature.Healthcare", "src\Features\Feature.Healthcare\Feature.Healthcare.csproj", "{9CAF9AFB-1C6A-4288-8D9F-ECA879EBD135}"
EndProject
Project("{FAE04EC0-301F-11D3-BF4B-00C04F79EFBC}") = "Feature.Order", "src\Features\Feature.Order\Feature.Order.csproj", "{EA5CD195-6161-477B-B19F-F83F6BD4FE85}"
EndProject
Project("{FAE04EC0-301F-11D3-BF4B-00C04F79EFBC}") = "Feature.Tour", "src\Features\Feature.Tour\Feature.Tour.csproj", "{5E1272E5-24A8-4A3E-93D0-B6CEE0FC8194}"
EndProject
Project("{2150E333-8FDC-42A3-9474-1A3956D46DE8}") = "04.App", "04.App", "{83E7BE71-664F-4FB8-8CC2-B43E81CD4836}"
EndProject
Project("{FAE04EC0-301F-11D3-BF4B-00C04F79EFBC}") = "FastEndpointApi", "src\Web\FastEndpointApi\FastEndpointApi.csproj", "{A1607B3B-85C6-4ED0-A913-0D8D31CD1112}"
EndProject
Project("{FAE04EC0-301F-11D3-BF4B-00C04F79EFBC}") = "FastEndpointWeb", "src\Web\FastEndpointWeb\FastEndpointWeb\FastEndpointWeb.csproj", "{E049AB14-B71A-47A4-8850-850972A3C6DD}"
EndProject
Project("{FAE04EC0-301F-11D3-BF4B-00C04F79EFBC}") = "FastEndpointWeb.Client", "src\Web\FastEndpointWeb\FastEndpointWeb.Client\FastEndpointWeb.Client.csproj", "{AB2A1E38-F30B-46DD-8634-20C9BE0C641E}"
EndProject
Project("{FAE04EC0-301F-11D3-BF4B-00C04F79EFBC}") = "TourBackgroundService", "src\App\TourBackgroundService\TourBackgroundService.csproj", "{1D439265-A672-4EB1-B784-6C6981BD3D7E}"
EndProject
Global
	GlobalSection(SolutionConfigurationPlatforms) = preSolution
		Debug|Any CPU = Debug|Any CPU
		Release|Any CPU = Release|Any CPU
	EndGlobalSection
	GlobalSection(ProjectConfigurationPlatforms) = postSolution
		{CE1112D0-DF04-4EA1-97B0-B97F6CC020F3}.Debug|Any CPU.ActiveCfg = Debug|Any CPU
		{CE1112D0-DF04-4EA1-97B0-B97F6CC020F3}.Debug|Any CPU.Build.0 = Debug|Any CPU
		{CE1112D0-DF04-4EA1-97B0-B97F6CC020F3}.Release|Any CPU.ActiveCfg = Release|Any CPU
		{CE1112D0-DF04-4EA1-97B0-B97F6CC020F3}.Release|Any CPU.Build.0 = Release|Any CPU
		{E8640BD0-A0E4-441D-B486-68850B246EB3}.Debug|Any CPU.ActiveCfg = Debug|Any CPU
		{E8640BD0-A0E4-441D-B486-68850B246EB3}.Debug|Any CPU.Build.0 = Debug|Any CPU
		{E8640BD0-A0E4-441D-B486-68850B246EB3}.Release|Any CPU.ActiveCfg = Release|Any CPU
		{E8640BD0-A0E4-441D-B486-68850B246EB3}.Release|Any CPU.Build.0 = Release|Any CPU
		{545D2F60-3A8A-4EF0-B84B-06B6B6F7B1CF}.Debug|Any CPU.ActiveCfg = Debug|Any CPU
		{545D2F60-3A8A-4EF0-B84B-06B6B6F7B1CF}.Debug|Any CPU.Build.0 = Debug|Any CPU
		{545D2F60-3A8A-4EF0-B84B-06B6B6F7B1CF}.Release|Any CPU.ActiveCfg = Release|Any CPU
		{545D2F60-3A8A-4EF0-B84B-06B6B6F7B1CF}.Release|Any CPU.Build.0 = Release|Any CPU
		{67CB2B45-9D07-44B6-A168-332CE10C65A4}.Debug|Any CPU.ActiveCfg = Debug|Any CPU
		{67CB2B45-9D07-44B6-A168-332CE10C65A4}.Debug|Any CPU.Build.0 = Debug|Any CPU
		{67CB2B45-9D07-44B6-A168-332CE10C65A4}.Release|Any CPU.ActiveCfg = Release|Any CPU
		{67CB2B45-9D07-44B6-A168-332CE10C65A4}.Release|Any CPU.Build.0 = Release|Any CPU
		{C5336BC4-19AD-4976-BB21-13E157FB4391}.Debug|Any CPU.ActiveCfg = Debug|Any CPU
		{C5336BC4-19AD-4976-BB21-13E157FB4391}.Debug|Any CPU.Build.0 = Debug|Any CPU
		{C5336BC4-19AD-4976-BB21-13E157FB4391}.Release|Any CPU.ActiveCfg = Release|Any CPU
		{C5336BC4-19AD-4976-BB21-13E157FB4391}.Release|Any CPU.Build.0 = Release|Any CPU
		{3BBBF7F6-61EF-4669-8D99-5F016FEB32F5}.Debug|Any CPU.ActiveCfg = Debug|Any CPU
		{3BBBF7F6-61EF-4669-8D99-5F016FEB32F5}.Debug|Any CPU.Build.0 = Debug|Any CPU
		{3BBBF7F6-61EF-4669-8D99-5F016FEB32F5}.Release|Any CPU.ActiveCfg = Release|Any CPU
		{3BBBF7F6-61EF-4669-8D99-5F016FEB32F5}.Release|Any CPU.Build.0 = Release|Any CPU
		{5EA4F1A9-77F1-47A2-8362-E1A16BA67CD1}.Debug|Any CPU.ActiveCfg = Debug|Any CPU
		{5EA4F1A9-77F1-47A2-8362-E1A16BA67CD1}.Debug|Any CPU.Build.0 = Debug|Any CPU
		{5EA4F1A9-77F1-47A2-8362-E1A16BA67CD1}.Release|Any CPU.ActiveCfg = Release|Any CPU
		{5EA4F1A9-77F1-47A2-8362-E1A16BA67CD1}.Release|Any CPU.Build.0 = Release|Any CPU
		{9CAF9AFB-1C6A-4288-8D9F-ECA879EBD135}.Debug|Any CPU.ActiveCfg = Debug|Any CPU
		{9CAF9AFB-1C6A-4288-8D9F-ECA879EBD135}.Debug|Any CPU.Build.0 = Debug|Any CPU
		{9CAF9AFB-1C6A-4288-8D9F-ECA879EBD135}.Release|Any CPU.ActiveCfg = Release|Any CPU
		{9CAF9AFB-1C6A-4288-8D9F-ECA879EBD135}.Release|Any CPU.Build.0 = Release|Any CPU
		{EA5CD195-6161-477B-B19F-F83F6BD4FE85}.Debug|Any CPU.ActiveCfg = Debug|Any CPU
		{EA5CD195-6161-477B-B19F-F83F6BD4FE85}.Debug|Any CPU.Build.0 = Debug|Any CPU
		{EA5CD195-6161-477B-B19F-F83F6BD4FE85}.Release|Any CPU.ActiveCfg = Release|Any CPU
		{EA5CD195-6161-477B-B19F-F83F6BD4FE85}.Release|Any CPU.Build.0 = Release|Any CPU
		{5E1272E5-24A8-4A3E-93D0-B6CEE0FC8194}.Debug|Any CPU.ActiveCfg = Debug|Any CPU
		{5E1272E5-24A8-4A3E-93D0-B6CEE0FC8194}.Debug|Any CPU.Build.0 = Debug|Any CPU
		{5E1272E5-24A8-4A3E-93D0-B6CEE0FC8194}.Release|Any CPU.ActiveCfg = Release|Any CPU
		{5E1272E5-24A8-4A3E-93D0-B6CEE0FC8194}.Release|Any CPU.Build.0 = Release|Any CPU
		{A1607B3B-85C6-4ED0-A913-0D8D31CD1112}.Debug|Any CPU.ActiveCfg = Debug|Any CPU
		{A1607B3B-85C6-4ED0-A913-0D8D31CD1112}.Debug|Any CPU.Build.0 = Debug|Any CPU
		{A1607B3B-85C6-4ED0-A913-0D8D31CD1112}.Release|Any CPU.ActiveCfg = Release|Any CPU
		{A1607B3B-85C6-4ED0-A913-0D8D31CD1112}.Release|Any CPU.Build.0 = Release|Any CPU
		{E049AB14-B71A-47A4-8850-850972A3C6DD}.Debug|Any CPU.ActiveCfg = Debug|Any CPU
		{E049AB14-B71A-47A4-8850-850972A3C6DD}.Debug|Any CPU.Build.0 = Debug|Any CPU
		{E049AB14-B71A-47A4-8850-850972A3C6DD}.Release|Any CPU.ActiveCfg = Release|Any CPU
		{E049AB14-B71A-47A4-8850-850972A3C6DD}.Release|Any CPU.Build.0 = Release|Any CPU
		{AB2A1E38-F30B-46DD-8634-20C9BE0C641E}.Debug|Any CPU.ActiveCfg = Debug|Any CPU
		{AB2A1E38-F30B-46DD-8634-20C9BE0C641E}.Debug|Any CPU.Build.0 = Debug|Any CPU
		{AB2A1E38-F30B-46DD-8634-20C9BE0C641E}.Release|Any CPU.ActiveCfg = Release|Any CPU
		{AB2A1E38-F30B-46DD-8634-20C9BE0C641E}.Release|Any CPU.Build.0 = Release|Any CPU
		{1D439265-A672-4EB1-B784-6C6981BD3D7E}.Debug|Any CPU.ActiveCfg = Debug|Any CPU
		{1D439265-A672-4EB1-B784-6C6981BD3D7E}.Debug|Any CPU.Build.0 = Debug|Any CPU
		{1D439265-A672-4EB1-B784-6C6981BD3D7E}.Release|Any CPU.ActiveCfg = Release|Any CPU
		{1D439265-A672-4EB1-B784-6C6981BD3D7E}.Release|Any CPU.Build.0 = Release|Any CPU
	EndGlobalSection
	GlobalSection(NestedProjects) = preSolution
		{CE1112D0-DF04-4EA1-97B0-B97F6CC020F3} = {3AE9E10B-1771-4FA0-A1CF-013D2DF4A28A}
		{E8640BD0-A0E4-441D-B486-68850B246EB3} = {3AE9E10B-1771-4FA0-A1CF-013D2DF4A28A}
		{545D2F60-3A8A-4EF0-B84B-06B6B6F7B1CF} = {20F9A0F3-46A0-4E4D-A182-C77C973011DD}
		{C5336BC4-19AD-4976-BB21-13E157FB4391} = {3AE9E10B-1771-4FA0-A1CF-013D2DF4A28A}
		{3BBBF7F6-61EF-4669-8D99-5F016FEB32F5} = {3AE9E10B-1771-4FA0-A1CF-013D2DF4A28A}
		{67CB2B45-9D07-44B6-A168-332CE10C65A4} = {20F9A0F3-46A0-4E4D-A182-C77C973011DD}
		{5EA4F1A9-77F1-47A2-8362-E1A16BA67CD1} = {3AE9E10B-1771-4FA0-A1CF-013D2DF4A28A}
		{9CAF9AFB-1C6A-4288-8D9F-ECA879EBD135} = {3AE9E10B-1771-4FA0-A1CF-013D2DF4A28A}
		{EA5CD195-6161-477B-B19F-F83F6BD4FE85} = {3AE9E10B-1771-4FA0-A1CF-013D2DF4A28A}
		{5E1272E5-24A8-4A3E-93D0-B6CEE0FC8194} = {3AE9E10B-1771-4FA0-A1CF-013D2DF4A28A}
		{A1607B3B-85C6-4ED0-A913-0D8D31CD1112} = {FF251EE0-A239-4FD2-8F31-577E689F5A1D}
		{E049AB14-B71A-47A4-8850-850972A3C6DD} = {FF251EE0-A239-4FD2-8F31-577E689F5A1D}
		{AB2A1E38-F30B-46DD-8634-20C9BE0C641E} = {FF251EE0-A239-4FD2-8F31-577E689F5A1D}
		{1D439265-A672-4EB1-B784-6C6981BD3D7E} = {83E7BE71-664F-4FB8-8CC2-B43E81CD4836}
	EndGlobalSection
EndGlobal
